
Microsoft Visual Studio Solution File, Format Version 12.00
# Visual Studio Version 16
VisualStudioVersion = 16.0.29509.3
MinimumVisualStudioVersion = 10.0.40219.1
Project("{FAE04EC0-301F-11D3-BF4B-00C04F79EFBC}") = "Reservation1", "Reservation1\Reservation1.csproj", "{A48CA3C3-A880-4808-847E-FDFAF007F0A0}"
EndProject
Global
	GlobalSection(SolutionConfigurationPlatforms) = preSolution
		Debug|Any CPU = Debug|Any CPU
		Release|Any CPU = Release|Any CPU
	EndGlobalSection
	GlobalSection(ProjectConfigurationPlatforms) = postSolution
		{A48CA3C3-A880-4808-847E-FDFAF007F0A0}.Debug|Any CPU.ActiveCfg = Debug|Any CPU
		{A48CA3C3-A880-4808-847E-FDFAF007F0A0}.Debug|Any CPU.Build.0 = Debug|Any CPU
		{A48CA3C3-A880-4808-847E-FDFAF007F0A0}.Release|Any CPU.ActiveCfg = Release|Any CPU
		{A48CA3C3-A880-4808-847E-FDFAF007F0A0}.Release|Any CPU.Build.0 = Release|Any CPU
	EndGlobalSection
	GlobalSection(SolutionProperties) = preSolution
		HideSolutionNode = FALSE
	EndGlobalSection
	GlobalSection(ExtensibilityGlobals) = postSolution
		SolutionGuid = {CE384BD9-E5C1-4BB8-AF0A-FDD062F1595B}
	EndGlobalSection
EndGlobal
